{
  "name": "ajs1",
  "version": "1.0.0",
  "lockfileVersion": 1,
  "requires": true,
  "dependencies": {
    "@vmoiseev/ajs": {
      "version": "1.0.0",
      "resolved": "https://npm.pkg.github.com/download/@vmoiseev/ajs/1.0.0/3feb3e3423ed6a3923643aa74c044b43a6bdd8ea23124226e7a62517c7ec0b08",
      "integrity": "sha512-g4ZfPupoEEVf2BzrG5N5+VnleGfpqXoxXuTED06QdRv0QuOQkyS9tCy2X67oytOVvCVSh2Q0lGc+kXGSTQcAbg=="
    }
  }
}
